// !$*UTF8*$!
{
	archiveVersion = 1;
	classes = {
	};
	objectVersion = 50;
	objects = {

/* Begin PBXBuildFile section */
		87CF9758215BE43D00BB4516 /* AppDelegate.swift in Sources */ = {isa = PBXBuildFile; fileRef = 87CF9757215BE43D00BB4516 /* AppDelegate.swift */; };
		87CF975A215BE43D00BB4516 /* ViewController.swift in Sources */ = {isa = PBXBuildFile; fileRef = 87CF9759215BE43D00BB4516 /* ViewController.swift */; };
		87CF975D215BE43D00BB4516 /* Main.storyboard in Resources */ = {isa = PBXBuildFile; fileRef = 87CF975B215BE43D00BB4516 /* Main.storyboard */; };
		87CF975F215BE43F00BB4516 /* Assets.xcassets in Resources */ = {isa = PBXBuildFile; fileRef = 87CF975E215BE43F00BB4516 /* Assets.xcassets */; };
		87CF9762215BE43F00BB4516 /* LaunchScreen.storyboard in Resources */ = {isa = PBXBuildFile; fileRef = 87CF9760215BE43F00BB4516 /* LaunchScreen.storyboard */; };
		87CF976C215BE44B00BB4516 /* CloudKit.framework in Frameworks */ = {isa = PBXBuildFile; fileRef = 87CF976B215BE44B00BB4516 /* CloudKit.framework */; };
		87CF9770215BE72200BB4516 /* User.swift in Sources */ = {isa = PBXBuildFile; fileRef = 87CF976F215BE72200BB4516 /* User.swift */; };
		87CF9773215BEF4600BB4516 /* UserController.swift in Sources */ = {isa = PBXBuildFile; fileRef = 87CF9772215BEF4600BB4516 /* UserController.swift */; };
		87CF9776215BFEFE00BB4516 /* LoginViewController.swift in Sources */ = {isa = PBXBuildFile; fileRef = 87CF9775215BFEFE00BB4516 /* LoginViewController.swift */; };
		87CF9778215BFF0800BB4516 /* WelcomeViewController.swift in Sources */ = {isa = PBXBuildFile; fileRef = 87CF9777215BFF0800BB4516 /* WelcomeViewController.swift */; };
		87CF977A215C013F00BB4516 /* UIViewController+Alerts.swift in Sources */ = {isa = PBXBuildFile; fileRef = 87CF9779215C013F00BB4516 /* UIViewController+Alerts.swift */; };
/* End PBXBuildFile section */

/* Begin PBXFileReference section */
		87CF9754215BE43D00BB4516 /* CKUsersiOS21.app */ = {isa = PBXFileReference; explicitFileType = wrapper.application; includeInIndex = 0; path = CKUsersiOS21.app; sourceTree = BUILT_PRODUCTS_DIR; };
		87CF9757215BE43D00BB4516 /* AppDelegate.swift */ = {isa = PBXFileReference; lastKnownFileType = sourcecode.swift; path = AppDelegate.swift; sourceTree = "<group>"; };
		87CF9759215BE43D00BB4516 /* ViewController.swift */ = {isa = PBXFileReference; lastKnownFileType = sourcecode.swift; path = ViewController.swift; sourceTree = "<group>"; };
		87CF975C215BE43D00BB4516 /* Base */ = {isa = PBXFileReference; lastKnownFileType = file.storyboard; name = Base; path = Base.lproj/Main.storyboard; sourceTree = "<group>"; };
		87CF975E215BE43F00BB4516 /* Assets.xcassets */ = {isa = PBXFileReference; lastKnownFileType = folder.assetcatalog; path = Assets.xcassets; sourceTree = "<group>"; };
		87CF9761215BE43F00BB4516 /* Base */ = {isa = PBXFileReference; lastKnownFileType = file.storyboard; name = Base; path = Base.lproj/LaunchScreen.storyboard; sourceTree = "<group>"; };
		87CF9763215BE43F00BB4516 /* Info.plist */ = {isa = PBXFileReference; lastKnownFileType = text.plist.xml; path = Info.plist; sourceTree = "<group>"; };
		87CF9769215BE44900BB4516 /* CKUsersiOS21.entitlements */ = {isa = PBXFileReference; lastKnownFileType = text.plist.entitlements; path = CKUsersiOS21.entitlements; sourceTree = "<group>"; };
		87CF976B215BE44B00BB4516 /* CloudKit.framework */ = {isa = PBXFileReference; lastKnownFileType = wrapper.framework; name = CloudKit.framework; path = System/Library/Frameworks/CloudKit.framework; sourceTree = SDKROOT; };
		87CF976F215BE72200BB4516 /* User.swift */ = {isa = PBXFileReference; lastKnownFileType = sourcecode.swift; path = User.swift; sourceTree = "<group>"; };
		87CF9772215BEF4600BB4516 /* UserController.swift */ = {isa = PBXFileReference; lastKnownFileType = sourcecode.swift; path = UserController.swift; sourceTree = "<group>"; };
		87CF9775215BFEFE00BB4516 /* LoginViewController.swift */ = {isa = PBXFileReference; lastKnownFileType = sourcecode.swift; path = LoginViewController.swift; sourceTree = "<group>"; };
		87CF9777215BFF0800BB4516 /* WelcomeViewController.swift */ = {isa = PBXFileReference; lastKnownFileType = sourcecode.swift; path = WelcomeViewController.swift; sourceTree = "<group>"; };
		87CF9779215C013F00BB4516 /* UIViewController+Alerts.swift */ = {isa = PBXFileReference; lastKnownFileType = sourcecode.swift; path = "UIViewController+Alerts.swift"; sourceTree = "<group>"; };
/* End PBXFileReference section */

/* Begin PBXFrameworksBuildPhase section */
		87CF9751215BE43D00BB4516 /* Frameworks */ = {
			isa = PBXFrameworksBuildPhase;
			buildActionMask = 2147483647;
			files = (
				87CF976C215BE44B00BB4516 /* CloudKit.framework in Frameworks */,
			);
			runOnlyForDeploymentPostprocessing = 0;
		};
/* End PBXFrameworksBuildPhase section */

/* Begin PBXGroup section */
		87CF974B215BE43D00BB4516 = {
			isa = PBXGroup;
			children = (
				87CF9756215BE43D00BB4516 /* CKUsersiOS21 */,
				87CF9755215BE43D00BB4516 /* Products */,
				87CF976A215BE44B00BB4516 /* Frameworks */,
			);
			sourceTree = "<group>";
		};
		87CF9755215BE43D00BB4516 /* Products */ = {
			isa = PBXGroup;
			children = (
				87CF9754215BE43D00BB4516 /* CKUsersiOS21.app */,
			);
			name = Products;
			sourceTree = "<group>";
		};
		87CF9756215BE43D00BB4516 /* CKUsersiOS21 */ = {
			isa = PBXGroup;
			children = (
				87CF9774215BFEDF00BB4516 /* View Controllers */,
				87CF9771215BEF3800BB4516 /* Model Controller */,
				87CF976E215BE71500BB4516 /* Model */,
				87CF9769215BE44900BB4516 /* CKUsersiOS21.entitlements */,
				87CF976D215BE46000BB4516 /* Resources */,
			);
			path = CKUsersiOS21;
			sourceTree = "<group>";
		};
		87CF976A215BE44B00BB4516 /* Frameworks */ = {
			isa = PBXGroup;
			children = (
				87CF976B215BE44B00BB4516 /* CloudKit.framework */,
			);
			name = Frameworks;
			sourceTree = "<group>";
		};
		87CF976D215BE46000BB4516 /* Resources */ = {
			isa = PBXGroup;
			children = (
				87CF9757215BE43D00BB4516 /* AppDelegate.swift */,
				87CF9759215BE43D00BB4516 /* ViewController.swift */,
				87CF975B215BE43D00BB4516 /* Main.storyboard */,
				87CF975E215BE43F00BB4516 /* Assets.xcassets */,
				87CF9760215BE43F00BB4516 /* LaunchScreen.storyboard */,
				87CF9763215BE43F00BB4516 /* Info.plist */,
			);
			path = Resources;
			sourceTree = "<group>";
		};
		87CF976E215BE71500BB4516 /* Model */ = {
			isa = PBXGroup;
			children = (
				87CF976F215BE72200BB4516 /* User.swift */,
			);
			path = Model;
			sourceTree = "<group>";
		};
		87CF9771215BEF3800BB4516 /* Model Controller */ = {
			isa = PBXGroup;
			children = (
				87CF9772215BEF4600BB4516 /* UserController.swift */,
			);
			path = "Model Controller";
			sourceTree = "<group>";
		};
		87CF9774215BFEDF00BB4516 /* View Controllers */ = {
			isa = PBXGroup;
			children = (
				87CF9775215BFEFE00BB4516 /* LoginViewController.swift */,
				87CF9777215BFF0800BB4516 /* WelcomeViewController.swift */,
				87CF9779215C013F00BB4516 /* UIViewController+Alerts.swift */,
			);
			path = "View Controllers";
			sourceTree = "<group>";
		};
/* End PBXGroup section */

/* Begin PBXNativeTarget section */
		87CF9753215BE43D00BB4516 /* CKUsersiOS21 */ = {
			isa = PBXNativeTarget;
			buildConfigurationList = 87CF9766215BE43F00BB4516 /* Build configuration list for PBXNativeTarget "CKUsersiOS21" */;
			buildPhases = (
				87CF9750215BE43D00BB4516 /* Sources */,
				87CF9751215BE43D00BB4516 /* Frameworks */,
				87CF9752215BE43D00BB4516 /* Resources */,
			);
			buildRules = (
			);
			dependencies = (
			);
			name = CKUsersiOS21;
			productName = CKUsersiOS21;
			productReference = 87CF9754215BE43D00BB4516 /* CKUsersiOS21.app */;
			productType = "com.apple.product-type.application";
		};
/* End PBXNativeTarget section */

/* Begin PBXProject section */
		87CF974C215BE43D00BB4516 /* Project object */ = {
			isa = PBXProject;
			attributes = {
				LastSwiftUpdateCheck = 1000;
				LastUpgradeCheck = 1000;
				ORGANIZATIONNAME = "John Tate";
				TargetAttributes = {
					87CF9753215BE43D00BB4516 = {
						CreatedOnToolsVersion = 10.0;
						SystemCapabilities = {
							com.apple.Push = {
								enabled = 1;
							};
							com.apple.iCloud = {
								enabled = 1;
							};
						};
					};
				};
			};
			buildConfigurationList = 87CF974F215BE43D00BB4516 /* Build configuration list for PBXProject "CKUsersiOS21" */;
			compatibilityVersion = "Xcode 9.3";
			developmentRegion = en;
			hasScannedForEncodings = 0;
			knownRegions = (
				en,
				Base,
			);
			mainGroup = 87CF974B215BE43D00BB4516;
			productRefGroup = 87CF9755215BE43D00BB4516 /* Products */;
			projectDirPath = "";
			projectRoot = "";
			targets = (
				87CF9753215BE43D00BB4516 /* CKUsersiOS21 */,
			);
		};
/* End PBXProject section */

/* Begin PBXResourcesBuildPhase section */
		87CF9752215BE43D00BB4516 /* Resources */ = {
			isa = PBXResourcesBuildPhase;
			buildActionMask = 2147483647;
			files = (
				87CF9762215BE43F00BB4516 /* LaunchScreen.storyboard in Resources */,
				87CF975F215BE43F00BB4516 /* Assets.xcassets in Resources */,
				87CF975D215BE43D00BB4516 /* Main.storyboard in Resources */,
			);
			runOnlyForDeploymentPostprocessing = 0;
		};
/* End PBXResourcesBuildPhase section */

/* Begin PBXSourcesBuildPhase section */
		87CF9750215BE43D00BB4516 /* Sources */ = {
			isa = PBXSourcesBuildPhase;
			buildActionMask = 2147483647;
			files = (
				87CF975A215BE43D00BB4516 /* ViewController.swift in Sources */,
				87CF9758215BE43D00BB4516 /* AppDelegate.swift in Sources */,
				87CF9773215BEF4600BB4516 /* UserController.swift in Sources */,
				87CF9778215BFF0800BB4516 /* WelcomeViewController.swift in Sources */,
				87CF9776215BFEFE00BB4516 /* LoginViewController.swift in Sources */,
				87CF977A215C013F00BB4516 /* UIViewController+Alerts.swift in Sources */,
				87CF9770215BE72200BB4516 /* User.swift in Sources */,
			);
			runOnlyForDeploymentPostprocessing = 0;
		};
/* End PBXSourcesBuildPhase section */

/* Begin PBXVariantGroup section */
		87CF975B215BE43D00BB4516 /* Main.storyboard */ = {
			isa = PBXVariantGroup;
			children = (
				87CF975C215BE43D00BB4516 /* Base */,
			);
			name = Main.storyboard;
			sourceTree = "<group>";
		};
		87CF9760215BE43F00BB4516 /* LaunchScreen.storyboard */ = {
			isa = PBXVariantGroup;
			children = (
				87CF9761215BE43F00BB4516 /* Base */,
			);
			name = LaunchScreen.storyboard;
			sourceTree = "<group>";
		};
/* End PBXVariantGroup section */

/* Begin XCBuildConfiguration section */
		87CF9764215BE43F00BB4516 /* Debug */ = {
			isa = XCBuildConfiguration;
			buildSettings = {
				ALWAYS_SEARCH_USER_PATHS = NO;
				CLANG_ANALYZER_NONNULL = YES;
				CLANG_ANALYZER_NUMBER_OBJECT_CONVERSION = YES_AGGRESSIVE;
				CLANG_CXX_LANGUAGE_STANDARD = "gnu++14";
				CLANG_CXX_LIBRARY = "libc++";
				CLANG_ENABLE_MODULES = YES;
				CLANG_ENABLE_OBJC_ARC = YES;
				CLANG_ENABLE_OBJC_WEAK = YES;
				CLANG_WARN_BLOCK_CAPTURE_AUTORELEASING = YES;
				CLANG_WARN_BOOL_CONVERSION = YES;
				CLANG_WARN_COMMA = YES;
				CLANG_WARN_CONSTANT_CONVERSION = YES;
				CLANG_WARN_DEPRECATED_OBJC_IMPLEMENTATIONS = YES;
				CLANG_WARN_DIRECT_OBJC_ISA_USAGE = YES_ERROR;
				CLANG_WARN_DOCUMENTATION_COMMENTS = YES;
				CLANG_WARN_EMPTY_BODY = YES;
				CLANG_WARN_ENUM_CONVERSION = YES;
				CLANG_WARN_INFINITE_RECURSION = YES;
				CLANG_WARN_INT_CONVERSION = YES;
				CLANG_WARN_NON_LITERAL_NULL_CONVERSION = YES;
				CLANG_WARN_OBJC_IMPLICIT_RETAIN_SELF = YES;
				CLANG_WARN_OBJC_LITERAL_CONVERSION = YES;
				CLANG_WARN_OBJC_ROOT_CLASS = YES_ERROR;
				CLANG_WARN_RANGE_LOOP_ANALYSIS = YES;
				CLANG_WARN_STRICT_PROTOTYPES = YES;
				CLANG_WARN_SUSPICIOUS_MOVE = YES;
				CLANG_WARN_UNGUARDED_AVAILABILITY = YES_AGGRESSIVE;
				CLANG_WARN_UNREACHABLE_CODE = YES;
				CLANG_WARN__DUPLICATE_METHOD_MATCH = YES;
				CODE_SIGN_IDENTITY = "iPhone Developer";
				COPY_PHASE_STRIP = NO;
				DEBUG_INFORMATION_FORMAT = dwarf;
				ENABLE_STRICT_OBJC_MSGSEND = YES;
				ENABLE_TESTABILITY = YES;
				GCC_C_LANGUAGE_STANDARD = gnu11;
				GCC_DYNAMIC_NO_PIC = NO;
				GCC_NO_COMMON_BLOCKS = YES;
				GCC_OPTIMIZATION_LEVEL = 0;
				GCC_PREPROCESSOR_DEFINITIONS = (
					"DEBUG=1",
					"$(inherited)",
				);
				GCC_WARN_64_TO_32_BIT_CONVERSION = YES;
				GCC_WARN_ABOUT_RETURN_TYPE = YES_ERROR;
				GCC_WARN_UNDECLARED_SELECTOR = YES;
				GCC_WARN_UNINITIALIZED_AUTOS = YES_AGGRESSIVE;
				GCC_WARN_UNUSED_FUNCTION = YES;
				GCC_WARN_UNUSED_VARIABLE = YES;
				IPHONEOS_DEPLOYMENT_TARGET = 12.0;
				MTL_ENABLE_DEBUG_INFO = INCLUDE_SOURCE;
				MTL_FAST_MATH = YES;
				ONLY_ACTIVE_ARCH = YES;
				SDKROOT = iphoneos;
				SWIFT_ACTIVE_COMPILATION_CONDITIONS = DEBUG;
				SWIFT_OPTIMIZATION_LEVEL = "-Onone";
			};
			name = Debug;
		};
		87CF9765215BE43F00BB4516 /* Release */ = {
			isa = XCBuildConfiguration;
			buildSettings = {
				ALWAYS_SEARCH_USER_PATHS = NO;
				CLANG_ANALYZER_NONNULL = YES;
				CLANG_ANALYZER_NUMBER_OBJECT_CONVERSION = YES_AGGRESSIVE;
				CLANG_CXX_LANGUAGE_STANDARD = "gnu++14";
				CLANG_CXX_LIBRARY = "libc++";
				CLANG_ENABLE_MODULES = YES;
				CLANG_ENABLE_OBJC_ARC = YES;
				CLANG_ENABLE_OBJC_WEAK = YES;
				CLANG_WARN_BLOCK_CAPTURE_AUTORELEASING = YES;
				CLANG_WARN_BOOL_CONVERSION = YES;
				CLANG_WARN_COMMA = YES;
				CLANG_WARN_CONSTANT_CONVERSION = YES;
				CLANG_WARN_DEPRECATED_OBJC_IMPLEMENTATIONS = YES;
				CLANG_WARN_DIRECT_OBJC_ISA_USAGE = YES_ERROR;
				CLANG_WARN_DOCUMENTATION_COMMENTS = YES;
				CLANG_WARN_EMPTY_BODY = YES;
				CLANG_WARN_ENUM_CONVERSION = YES;
				CLANG_WARN_INFINITE_RECURSION = YES;
				CLANG_WARN_INT_CONVERSION = YES;
				CLANG_WARN_NON_LITERAL_NULL_CONVERSION = YES;
				CLANG_WARN_OBJC_IMPLICIT_RETAIN_SELF = YES;
				CLANG_WARN_OBJC_LITERAL_CONVERSION = YES;
				CLANG_WARN_OBJC_ROOT_CLASS = YES_ERROR;
				CLANG_WARN_RANGE_LOOP_ANALYSIS = YES;
				CLANG_WARN_STRICT_PROTOTYPES = YES;
				CLANG_WARN_SUSPICIOUS_MOVE = YES;
				CLANG_WARN_UNGUARDED_AVAILABILITY = YES_AGGRESSIVE;
				CLANG_WARN_UNREACHABLE_CODE = YES;
				CLANG_WARN__DUPLICATE_METHOD_MATCH = YES;
				CODE_SIGN_IDENTITY = "iPhone Developer";
				COPY_PHASE_STRIP = NO;
				DEBUG_INFORMATION_FORMAT = "dwarf-with-dsym";
				ENABLE_NS_ASSERTIONS = NO;
				ENABLE_STRICT_OBJC_MSGSEND = YES;
				GCC_C_LANGUAGE_STANDARD = gnu11;
				GCC_NO_COMMON_BLOCKS = YES;
				GCC_WARN_64_TO_32_BIT_CONVERSION = YES;
				GCC_WARN_ABOUT_RETURN_TYPE = YES_ERROR;
				GCC_WARN_UNDECLARED_SELECTOR = YES;
				GCC_WARN_UNINITIALIZED_AUTOS = YES_AGGRESSIVE;
				GCC_WARN_UNUSED_FUNCTION = YES;
				GCC_WARN_UNUSED_VARIABLE = YES;
				IPHONEOS_DEPLOYMENT_TARGET = 12.0;
				MTL_ENABLE_DEBUG_INFO = NO;
				MTL_FAST_MATH = YES;
				SDKROOT = iphoneos;
				SWIFT_COMPILATION_MODE = wholemodule;
				SWIFT_OPTIMIZATION_LEVEL = "-O";
				VALIDATE_PRODUCT = YES;
			};
			name = Release;
		};
		87CF9767215BE43F00BB4516 /* Debug */ = {
			isa = XCBuildConfiguration;
			buildSettings = {
				ASSETCATALOG_COMPILER_APPICON_NAME = AppIcon;
				CODE_SIGN_ENTITLEMENTS = CKUsersiOS21/CKUsersiOS21.entitlements;
				CODE_SIGN_STYLE = Automatic;
				DEVELOPMENT_TEAM = 74SYWHWN72;
				INFOPLIST_FILE = "$(SRCROOT)/CKUsersiOS21/Resources/Info.plist";
				LD_RUNPATH_SEARCH_PATHS = (
					"$(inherited)",
					"@executable_path/Frameworks",
				);
				PRODUCT_BUNDLE_IDENTIFIER = com.johntate.CKUsersiOS21;
				PRODUCT_NAME = "$(TARGET_NAME)";
				SWIFT_VERSION = 4.2;
				TARGETED_DEVICE_FAMILY = "1,2";
			};
			name = Debug;
		};
		87CF9768215BE43F00BB4516 /* Release */ = {
			isa = XCBuildConfiguration;
			buildSettings = {
				ASSETCATALOG_COMPILER_APPICON_NAME = AppIcon;
				CODE_SIGN_ENTITLEMENTS = CKUsersiOS21/CKUsersiOS21.entitlements;
				CODE_SIGN_STYLE = Automatic;
				DEVELOPMENT_TEAM = 74SYWHWN72;
				INFOPLIST_FILE = "$(SRCROOT)/CKUsersiOS21/Resources/Info.plist";
				LD_RUNPATH_SEARCH_PATHS = (
					"$(inherited)",
					"@executable_path/Frameworks",
				);
				PRODUCT_BUNDLE_IDENTIFIER = com.johntate.CKUsersiOS21;
				PRODUCT_NAME = "$(TARGET_NAME)";
				SWIFT_VERSION = 4.2;
				TARGETED_DEVICE_FAMILY = "1,2";
			};
			name = Release;
		};
/* End XCBuildConfiguration section */

/* Begin XCConfigurationList section */
		87CF974F215BE43D00BB4516 /* Build configuration list for PBXProject "CKUsersiOS21" */ = {
			isa = XCConfigurationList;
			buildConfigurations = (
				87CF9764215BE43F00BB4516 /* Debug */,
				87CF9765215BE43F00BB4516 /* Release */,
			);
			defaultConfigurationIsVisible = 0;
			defaultConfigurationName = Release;
		};
		87CF9766215BE43F00BB4516 /* Build configuration list for PBXNativeTarget "CKUsersiOS21" */ = {
			isa = XCConfigurationList;
			buildConfigurations = (
				87CF9767215BE43F00BB4516 /* Debug */,
				87CF9768215BE43F00BB4516 /* Release */,
			);
			defaultConfigurationIsVisible = 0;
			defaultConfigurationName = Release;
		};
/* End XCConfigurationList section */
	};
	rootObject = 87CF974C215BE43D00BB4516 /* Project object */;
}
